
Microsoft Visual Studio Solution File, Format Version 12.00
# Visual Studio Version 17
VisualStudioVersion = 17.7.34031.279
MinimumVisualStudioVersion = 10.0.40219.1
Project("{FAE04EC0-301F-11D3-BF4B-00C04F79EFBC}") = "LAB№5", "LAB№5\LAB№5.csproj", "{6C534457-1E04-4535-823C-EB44BBE82FCD}"
EndProject
Global
	GlobalSection(SolutionConfigurationPlatforms) = preSolution
		Debug|Any CPU = Debug|Any CPU
		Release|Any CPU = Release|Any CPU
	EndGlobalSection
	GlobalSection(ProjectConfigurationPlatforms) = postSolution
		{6C534457-1E04-4535-823C-EB44BBE82FCD}.Debug|Any CPU.ActiveCfg = Debug|Any CPU
		{6C534457-1E04-4535-823C-EB44BBE82FCD}.Debug|Any CPU.Build.0 = Debug|Any CPU
		{6C534457-1E04-4535-823C-EB44BBE82FCD}.Release|Any CPU.ActiveCfg = Release|Any CPU
		{6C534457-1E04-4535-823C-EB44BBE82FCD}.Release|Any CPU.Build.0 = Release|Any CPU
	EndGlobalSection
	GlobalSection(SolutionProperties) = preSolution
		HideSolutionNode = FALSE
	EndGlobalSection
	GlobalSection(ExtensibilityGlobals) = postSolution
		SolutionGuid = {684A847B-D2B4-4EF5-87DF-6FF8D81DB682}
	EndGlobalSection
EndGlobal
